// !$*UTF8*$!
{
	archiveVersion = 1;
	classes = {
	};
	objectVersion = 50;
	objects = {

/* Begin PBXBuildFile section */
		93009CC826F5AA3C006F61B5 /* AppDelegate.swift in Sources */ = {isa = PBXBuildFile; fileRef = 93009CC726F5AA3C006F61B5 /* AppDelegate.swift */; };
		93009CCA26F5AA3C006F61B5 /* SceneDelegate.swift in Sources */ = {isa = PBXBuildFile; fileRef = 93009CC926F5AA3C006F61B5 /* SceneDelegate.swift */; };
		93009CCC26F5AA3C006F61B5 /* ViewController.swift in Sources */ = {isa = PBXBuildFile; fileRef = 93009CCB26F5AA3C006F61B5 /* ViewController.swift */; };
		93009CCF26F5AA3C006F61B5 /* Main.storyboard in Resources */ = {isa = PBXBuildFile; fileRef = 93009CCD26F5AA3C006F61B5 /* Main.storyboard */; };
		93009CD126F5AA3D006F61B5 /* Assets.xcassets in Resources */ = {isa = PBXBuildFile; fileRef = 93009CD026F5AA3D006F61B5 /* Assets.xcassets */; };
		93009CD426F5AA3D006F61B5 /* LaunchScreen.storyboard in Resources */ = {isa = PBXBuildFile; fileRef = 93009CD226F5AA3D006F61B5 /* LaunchScreen.storyboard */; };
		93009CDF26F5AA3D006F61B5 /* _021_09_16_SFSU_Building_Anh_TranTests.swift in Sources */ = {isa = PBXBuildFile; fileRef = 93009CDE26F5AA3D006F61B5 /* _021_09_16_SFSU_Building_Anh_TranTests.swift */; };
		93009CEA26F5AA3D006F61B5 /* _021_09_16_SFSU_Building_Anh_TranUITests.swift in Sources */ = {isa = PBXBuildFile; fileRef = 93009CE926F5AA3D006F61B5 /* _021_09_16_SFSU_Building_Anh_TranUITests.swift */; };
/* End PBXBuildFile section */

/* Begin PBXContainerItemProxy section */
		93009CDB26F5AA3D006F61B5 /* PBXContainerItemProxy */ = {
			isa = PBXContainerItemProxy;
			containerPortal = 93009CBC26F5AA3C006F61B5 /* Project object */;
			proxyType = 1;
			remoteGlobalIDString = 93009CC326F5AA3C006F61B5;
			remoteInfo = "2021-09-16-SFSU-Building-Anh-Tran";
		};
		93009CE626F5AA3D006F61B5 /* PBXContainerItemProxy */ = {
			isa = PBXContainerItemProxy;
			containerPortal = 93009CBC26F5AA3C006F61B5 /* Project object */;
			proxyType = 1;
			remoteGlobalIDString = 93009CC326F5AA3C006F61B5;
			remoteInfo = "2021-09-16-SFSU-Building-Anh-Tran";
		};
/* End PBXContainerItemProxy section */

/* Begin PBXFileReference section */
		93009CC426F5AA3C006F61B5 /* 2021-09-16-SFSU-Building-Anh-Tran.app */ = {isa = PBXFileReference; explicitFileType = wrapper.application; includeInIndex = 0; path = "2021-09-16-SFSU-Building-Anh-Tran.app"; sourceTree = BUILT_PRODUCTS_DIR; };
		93009CC726F5AA3C006F61B5 /* AppDelegate.swift */ = {isa = PBXFileReference; lastKnownFileType = sourcecode.swift; path = AppDelegate.swift; sourceTree = "<group>"; };
		93009CC926F5AA3C006F61B5 /* SceneDelegate.swift */ = {isa = PBXFileReference; lastKnownFileType = sourcecode.swift; path = SceneDelegate.swift; sourceTree = "<group>"; };
		93009CCB26F5AA3C006F61B5 /* ViewController.swift */ = {isa = PBXFileReference; lastKnownFileType = sourcecode.swift; path = ViewController.swift; sourceTree = "<group>"; };
		93009CCE26F5AA3C006F61B5 /* Base */ = {isa = PBXFileReference; lastKnownFileType = file.storyboard; name = Base; path = Base.lproj/Main.storyboard; sourceTree = "<group>"; };
		93009CD026F5AA3D006F61B5 /* Assets.xcassets */ = {isa = PBXFileReference; lastKnownFileType = folder.assetcatalog; path = Assets.xcassets; sourceTree = "<group>"; };
		93009CD326F5AA3D006F61B5 /* Base */ = {isa = PBXFileReference; lastKnownFileType = file.storyboard; name = Base; path = Base.lproj/LaunchScreen.storyboard; sourceTree = "<group>"; };
		93009CD526F5AA3D006F61B5 /* Info.plist */ = {isa = PBXFileReference; lastKnownFileType = text.plist.xml; path = Info.plist; sourceTree = "<group>"; };
		93009CDA26F5AA3D006F61B5 /* 2021-09-16-SFSU-Building-Anh-TranTests.xctest */ = {isa = PBXFileReference; explicitFileType = wrapper.cfbundle; includeInIndex = 0; path = "2021-09-16-SFSU-Building-Anh-TranTests.xctest"; sourceTree = BUILT_PRODUCTS_DIR; };
		93009CDE26F5AA3D006F61B5 /* _021_09_16_SFSU_Building_Anh_TranTests.swift */ = {isa = PBXFileReference; lastKnownFileType = sourcecode.swift; path = _021_09_16_SFSU_Building_Anh_TranTests.swift; sourceTree = "<group>"; };
		93009CE026F5AA3D006F61B5 /* Info.plist */ = {isa = PBXFileReference; lastKnownFileType = text.plist.xml; path = Info.plist; sourceTree = "<group>"; };
		93009CE526F5AA3D006F61B5 /* 2021-09-16-SFSU-Building-Anh-TranUITests.xctest */ = {isa = PBXFileReference; explicitFileType = wrapper.cfbundle; includeInIndex = 0; path = "2021-09-16-SFSU-Building-Anh-TranUITests.xctest"; sourceTree = BUILT_PRODUCTS_DIR; };
		93009CE926F5AA3D006F61B5 /* _021_09_16_SFSU_Building_Anh_TranUITests.swift */ = {isa = PBXFileReference; lastKnownFileType = sourcecode.swift; path = _021_09_16_SFSU_Building_Anh_TranUITests.swift; sourceTree = "<group>"; };
		93009CEB26F5AA3D006F61B5 /* Info.plist */ = {isa = PBXFileReference; lastKnownFileType = text.plist.xml; path = Info.plist; sourceTree = "<group>"; };
/* End PBXFileReference section */

/* Begin PBXFrameworksBuildPhase section */
		93009CC126F5AA3C006F61B5 /* Frameworks */ = {
			isa = PBXFrameworksBuildPhase;
			buildActionMask = 2147483647;
			files = (
			);
			runOnlyForDeploymentPostprocessing = 0;
		};
		93009CD726F5AA3D006F61B5 /* Frameworks */ = {
			isa = PBXFrameworksBuildPhase;
			buildActionMask = 2147483647;
			files = (
			);
			runOnlyForDeploymentPostprocessing = 0;
		};
		93009CE226F5AA3D006F61B5 /* Frameworks */ = {
			isa = PBXFrameworksBuildPhase;
			buildActionMask = 2147483647;
			files = (
			);
			runOnlyForDeploymentPostprocessing = 0;
		};
/* End PBXFrameworksBuildPhase section */

/* Begin PBXGroup section */
		93009CBB26F5AA3C006F61B5 = {
			isa = PBXGroup;
			children = (
				93009CC626F5AA3C006F61B5 /* 2021-09-16-SFSU-Building-Anh-Tran */,
				93009CDD26F5AA3D006F61B5 /* 2021-09-16-SFSU-Building-Anh-TranTests */,
				93009CE826F5AA3D006F61B5 /* 2021-09-16-SFSU-Building-Anh-TranUITests */,
				93009CC526F5AA3C006F61B5 /* Products */,
			);
			sourceTree = "<group>";
		};
		93009CC526F5AA3C006F61B5 /* Products */ = {
			isa = PBXGroup;
			children = (
				93009CC426F5AA3C006F61B5 /* 2021-09-16-SFSU-Building-Anh-Tran.app */,
				93009CDA26F5AA3D006F61B5 /* 2021-09-16-SFSU-Building-Anh-TranTests.xctest */,
				93009CE526F5AA3D006F61B5 /* 2021-09-16-SFSU-Building-Anh-TranUITests.xctest */,
			);
			name = Products;
			sourceTree = "<group>";
		};
		93009CC626F5AA3C006F61B5 /* 2021-09-16-SFSU-Building-Anh-Tran */ = {
			isa = PBXGroup;
			children = (
				93009CC726F5AA3C006F61B5 /* AppDelegate.swift */,
				93009CC926F5AA3C006F61B5 /* SceneDelegate.swift */,
				93009CCB26F5AA3C006F61B5 /* ViewController.swift */,
				93009CCD26F5AA3C006F61B5 /* Main.storyboard */,
				93009CD026F5AA3D006F61B5 /* Assets.xcassets */,
				93009CD226F5AA3D006F61B5 /* LaunchScreen.storyboard */,
				93009CD526F5AA3D006F61B5 /* Info.plist */,
			);
			path = "2021-09-16-SFSU-Building-Anh-Tran";
			sourceTree = "<group>";
		};
		93009CDD26F5AA3D006F61B5 /* 2021-09-16-SFSU-Building-Anh-TranTests */ = {
			isa = PBXGroup;
			children = (
				93009CDE26F5AA3D006F61B5 /* _021_09_16_SFSU_Building_Anh_TranTests.swift */,
				93009CE026F5AA3D006F61B5 /* Info.plist */,
			);
			path = "2021-09-16-SFSU-Building-Anh-TranTests";
			sourceTree = "<group>";
		};
		93009CE826F5AA3D006F61B5 /* 2021-09-16-SFSU-Building-Anh-TranUITests */ = {
			isa = PBXGroup;
			children = (
				93009CE926F5AA3D006F61B5 /* _021_09_16_SFSU_Building_Anh_TranUITests.swift */,
				93009CEB26F5AA3D006F61B5 /* Info.plist */,
			);
			path = "2021-09-16-SFSU-Building-Anh-TranUITests";
			sourceTree = "<group>";
		};
/* End PBXGroup section */

/* Begin PBXNativeTarget section */
		93009CC326F5AA3C006F61B5 /* 2021-09-16-SFSU-Building-Anh-Tran */ = {
			isa = PBXNativeTarget;
			buildConfigurationList = 93009CEE26F5AA3D006F61B5 /* Build configuration list for PBXNativeTarget "2021-09-16-SFSU-Building-Anh-Tran" */;
			buildPhases = (
				93009CC026F5AA3C006F61B5 /* Sources */,
				93009CC126F5AA3C006F61B5 /* Frameworks */,
				93009CC226F5AA3C006F61B5 /* Resources */,
			);
			buildRules = (
			);
			dependencies = (
			);
			name = "2021-09-16-SFSU-Building-Anh-Tran";
			productName = "2021-09-16-SFSU-Building-Anh-Tran";
			productReference = 93009CC426F5AA3C006F61B5 /* 2021-09-16-SFSU-Building-Anh-Tran.app */;
			productType = "com.apple.product-type.application";
		};
		93009CD926F5AA3D006F61B5 /* 2021-09-16-SFSU-Building-Anh-TranTests */ = {
			isa = PBXNativeTarget;
			buildConfigurationList = 93009CF126F5AA3D006F61B5 /* Build configuration list for PBXNativeTarget "2021-09-16-SFSU-Building-Anh-TranTests" */;
			buildPhases = (
				93009CD626F5AA3D006F61B5 /* Sources */,
				93009CD726F5AA3D006F61B5 /* Frameworks */,
				93009CD826F5AA3D006F61B5 /* Resources */,
			);
			buildRules = (
			);
			dependencies = (
				93009CDC26F5AA3D006F61B5 /* PBXTargetDependency */,
			);
			name = "2021-09-16-SFSU-Building-Anh-TranTests";
			productName = "2021-09-16-SFSU-Building-Anh-TranTests";
			productReference = 93009CDA26F5AA3D006F61B5 /* 2021-09-16-SFSU-Building-Anh-TranTests.xctest */;
			productType = "com.apple.product-type.bundle.unit-test";
		};
		93009CE426F5AA3D006F61B5 /* 2021-09-16-SFSU-Building-Anh-TranUITests */ = {
			isa = PBXNativeTarget;
			buildConfigurationList = 93009CF426F5AA3D006F61B5 /* Build configuration list for PBXNativeTarget "2021-09-16-SFSU-Building-Anh-TranUITests" */;
			buildPhases = (
				93009CE126F5AA3D006F61B5 /* Sources */,
				93009CE226F5AA3D006F61B5 /* Frameworks */,
				93009CE326F5AA3D006F61B5 /* Resources */,
			);
			buildRules = (
			);
			dependencies = (
				93009CE726F5AA3D006F61B5 /* PBXTargetDependency */,
			);
			name = "2021-09-16-SFSU-Building-Anh-TranUITests";
			productName = "2021-09-16-SFSU-Building-Anh-TranUITests";
			productReference = 93009CE526F5AA3D006F61B5 /* 2021-09-16-SFSU-Building-Anh-TranUITests.xctest */;
			productType = "com.apple.product-type.bundle.ui-testing";
		};
/* End PBXNativeTarget section */

/* Begin PBXProject section */
		93009CBC26F5AA3C006F61B5 /* Project object */ = {
			isa = PBXProject;
			attributes = {
				LastSwiftUpdateCheck = 1250;
				LastUpgradeCheck = 1250;
				TargetAttributes = {
					93009CC326F5AA3C006F61B5 = {
						CreatedOnToolsVersion = 12.5.1;
					};
					93009CD926F5AA3D006F61B5 = {
						CreatedOnToolsVersion = 12.5.1;
						TestTargetID = 93009CC326F5AA3C006F61B5;
					};
					93009CE426F5AA3D006F61B5 = {
						CreatedOnToolsVersion = 12.5.1;
						TestTargetID = 93009CC326F5AA3C006F61B5;
					};
				};
			};
			buildConfigurationList = 93009CBF26F5AA3C006F61B5 /* Build configuration list for PBXProject "2021-09-16-SFSU-Building-Anh-Tran" */;
			compatibilityVersion = "Xcode 9.3";
			developmentRegion = en;
			hasScannedForEncodings = 0;
			knownRegions = (
				en,
				Base,
			);
			mainGroup = 93009CBB26F5AA3C006F61B5;
			productRefGroup = 93009CC526F5AA3C006F61B5 /* Products */;
			projectDirPath = "";
			projectRoot = "";
			targets = (
				93009CC326F5AA3C006F61B5 /* 2021-09-16-SFSU-Building-Anh-Tran */,
				93009CD926F5AA3D006F61B5 /* 2021-09-16-SFSU-Building-Anh-TranTests */,
				93009CE426F5AA3D006F61B5 /* 2021-09-16-SFSU-Building-Anh-TranUITests */,
			);
		};
/* End PBXProject section */

/* Begin PBXResourcesBuildPhase section */
		93009CC226F5AA3C006F61B5 /* Resources */ = {
			isa = PBXResourcesBuildPhase;
			buildActionMask = 2147483647;
			files = (
				93009CD426F5AA3D006F61B5 /* LaunchScreen.storyboard in Resources */,
				93009CD126F5AA3D006F61B5 /* Assets.xcassets in Resources */,
				93009CCF26F5AA3C006F61B5 /* Main.storyboard in Resources */,
			);
			runOnlyForDeploymentPostprocessing = 0;
		};
		93009CD826F5AA3D006F61B5 /* Resources */ = {
			isa = PBXResourcesBuildPhase;
			buildActionMask = 2147483647;
			files = (
			);
			runOnlyForDeploymentPostprocessing = 0;
		};
		93009CE326F5AA3D006F61B5 /* Resources */ = {
			isa = PBXResourcesBuildPhase;
			buildActionMask = 2147483647;
			files = (
			);
			runOnlyForDeploymentPostprocessing = 0;
		};
/* End PBXResourcesBuildPhase section */

/* Begin PBXSourcesBuildPhase section */
		93009CC026F5AA3C006F61B5 /* Sources */ = {
			isa = PBXSourcesBuildPhase;
			buildActionMask = 2147483647;
			files = (
				93009CCC26F5AA3C006F61B5 /* ViewController.swift in Sources */,
				93009CC826F5AA3C006F61B5 /* AppDelegate.swift in Sources */,
				93009CCA26F5AA3C006F61B5 /* SceneDelegate.swift in Sources */,
			);
			runOnlyForDeploymentPostprocessing = 0;
		};
		93009CD626F5AA3D006F61B5 /* Sources */ = {
			isa = PBXSourcesBuildPhase;
			buildActionMask = 2147483647;
			files = (
				93009CDF26F5AA3D006F61B5 /* _021_09_16_SFSU_Building_Anh_TranTests.swift in Sources */,
			);
			runOnlyForDeploymentPostprocessing = 0;
		};
		93009CE126F5AA3D006F61B5 /* Sources */ = {
			isa = PBXSourcesBuildPhase;
			buildActionMask = 2147483647;
			files = (
				93009CEA26F5AA3D006F61B5 /* _021_09_16_SFSU_Building_Anh_TranUITests.swift in Sources */,
			);
			runOnlyForDeploymentPostprocessing = 0;
		};
/* End PBXSourcesBuildPhase section */

/* Begin PBXTargetDependency section */
		93009CDC26F5AA3D006F61B5 /* PBXTargetDependency */ = {
			isa = PBXTargetDependency;
			target = 93009CC326F5AA3C006F61B5 /* 2021-09-16-SFSU-Building-Anh-Tran */;
			targetProxy = 93009CDB26F5AA3D006F61B5 /* PBXContainerItemProxy */;
		};
		93009CE726F5AA3D006F61B5 /* PBXTargetDependency */ = {
			isa = PBXTargetDependency;
			target = 93009CC326F5AA3C006F61B5 /* 2021-09-16-SFSU-Building-Anh-Tran */;
			targetProxy = 93009CE626F5AA3D006F61B5 /* PBXContainerItemProxy */;
		};
/* End PBXTargetDependency section */

/* Begin PBXVariantGroup section */
		93009CCD26F5AA3C006F61B5 /* Main.storyboard */ = {
			isa = PBXVariantGroup;
			children = (
				93009CCE26F5AA3C006F61B5 /* Base */,
			);
			name = Main.storyboard;
			sourceTree = "<group>";
		};
		93009CD226F5AA3D006F61B5 /* LaunchScreen.storyboard */ = {
			isa = PBXVariantGroup;
			children = (
				93009CD326F5AA3D006F61B5 /* Base */,
			);
			name = LaunchScreen.storyboard;
			sourceTree = "<group>";
		};
/* End PBXVariantGroup section */

/* Begin XCBuildConfiguration section */
		93009CEC26F5AA3D006F61B5 /* Debug */ = {
			isa = XCBuildConfiguration;
			buildSettings = {
				ALWAYS_SEARCH_USER_PATHS = NO;
				CLANG_ANALYZER_NONNULL = YES;
				CLANG_ANALYZER_NUMBER_OBJECT_CONVERSION = YES_AGGRESSIVE;
				CLANG_CXX_LANGUAGE_STANDARD = "gnu++14";
				CLANG_CXX_LIBRARY = "libc++";
				CLANG_ENABLE_MODULES = YES;
				CLANG_ENABLE_OBJC_ARC = YES;
				CLANG_ENABLE_OBJC_WEAK = YES;
				CLANG_WARN_BLOCK_CAPTURE_AUTORELEASING = YES;
				CLANG_WARN_BOOL_CONVERSION = YES;
				CLANG_WARN_COMMA = YES;
				CLANG_WARN_CONSTANT_CONVERSION = YES;
				CLANG_WARN_DEPRECATED_OBJC_IMPLEMENTATIONS = YES;
				CLANG_WARN_DIRECT_OBJC_ISA_USAGE = YES_ERROR;
				CLANG_WARN_DOCUMENTATION_COMMENTS = YES;
				CLANG_WARN_EMPTY_BODY = YES;
				CLANG_WARN_ENUM_CONVERSION = YES;
				CLANG_WARN_INFINITE_RECURSION = YES;
				CLANG_WARN_INT_CONVERSION = YES;
				CLANG_WARN_NON_LITERAL_NULL_CONVERSION = YES;
				CLANG_WARN_OBJC_IMPLICIT_RETAIN_SELF = YES;
				CLANG_WARN_OBJC_LITERAL_CONVERSION = YES;
				CLANG_WARN_OBJC_ROOT_CLASS = YES_ERROR;
				CLANG_WARN_QUOTED_INCLUDE_IN_FRAMEWORK_HEADER = YES;
				CLANG_WARN_RANGE_LOOP_ANALYSIS = YES;
				CLANG_WARN_STRICT_PROTOTYPES = YES;
				CLANG_WARN_SUSPICIOUS_MOVE = YES;
				CLANG_WARN_UNGUARDED_AVAILABILITY = YES_AGGRESSIVE;
				CLANG_WARN_UNREACHABLE_CODE = YES;
				CLANG_WARN__DUPLICATE_METHOD_MATCH = YES;
				COPY_PHASE_STRIP = NO;
				DEBUG_INFORMATION_FORMAT = dwarf;
				ENABLE_STRICT_OBJC_MSGSEND = YES;
				ENABLE_TESTABILITY = YES;
				GCC_C_LANGUAGE_STANDARD = gnu11;
				GCC_DYNAMIC_NO_PIC = NO;
				GCC_NO_COMMON_BLOCKS = YES;
				GCC_OPTIMIZATION_LEVEL = 0;
				GCC_PREPROCESSOR_DEFINITIONS = (
					"DEBUG=1",
					"$(inherited)",
				);
				GCC_WARN_64_TO_32_BIT_CONVERSION = YES;
				GCC_WARN_ABOUT_RETURN_TYPE = YES_ERROR;
				GCC_WARN_UNDECLARED_SELECTOR = YES;
				GCC_WARN_UNINITIALIZED_AUTOS = YES_AGGRESSIVE;
				GCC_WARN_UNUSED_FUNCTION = YES;
				GCC_WARN_UNUSED_VARIABLE = YES;
				IPHONEOS_DEPLOYMENT_TARGET = 14.5;
				MTL_ENABLE_DEBUG_INFO = INCLUDE_SOURCE;
				MTL_FAST_MATH = YES;
				ONLY_ACTIVE_ARCH = YES;
				SDKROOT = iphoneos;
				SWIFT_ACTIVE_COMPILATION_CONDITIONS = DEBUG;
				SWIFT_OPTIMIZATION_LEVEL = "-Onone";
			};
			name = Debug;
		};
		93009CED26F5AA3D006F61B5 /* Release */ = {
			isa = XCBuildConfiguration;
			buildSettings = {
				ALWAYS_SEARCH_USER_PATHS = NO;
				CLANG_ANALYZER_NONNULL = YES;
				CLANG_ANALYZER_NUMBER_OBJECT_CONVERSION = YES_AGGRESSIVE;
				CLANG_CXX_LANGUAGE_STANDARD = "gnu++14";
				CLANG_CXX_LIBRARY = "libc++";
				CLANG_ENABLE_MODULES = YES;
				CLANG_ENABLE_OBJC_ARC = YES;
				CLANG_ENABLE_OBJC_WEAK = YES;
				CLANG_WARN_BLOCK_CAPTURE_AUTORELEASING = YES;
				CLANG_WARN_BOOL_CONVERSION = YES;
				CLANG_WARN_COMMA = YES;
				CLANG_WARN_CONSTANT_CONVERSION = YES;
				CLANG_WARN_DEPRECATED_OBJC_IMPLEMENTATIONS = YES;
				CLANG_WARN_DIRECT_OBJC_ISA_USAGE = YES_ERROR;
				CLANG_WARN_DOCUMENTATION_COMMENTS = YES;
				CLANG_WARN_EMPTY_BODY = YES;
				CLANG_WARN_ENUM_CONVERSION = YES;
				CLANG_WARN_INFINITE_RECURSION = YES;
				CLANG_WARN_INT_CONVERSION = YES;
				CLANG_WARN_NON_LITERAL_NULL_CONVERSION = YES;
				CLANG_WARN_OBJC_IMPLICIT_RETAIN_SELF = YES;
				CLANG_WARN_OBJC_LITERAL_CONVERSION = YES;
				CLANG_WARN_OBJC_ROOT_CLASS = YES_ERROR;
				CLANG_WARN_QUOTED_INCLUDE_IN_FRAMEWORK_HEADER = YES;
				CLANG_WARN_RANGE_LOOP_ANALYSIS = YES;
				CLANG_WARN_STRICT_PROTOTYPES = YES;
				CLANG_WARN_SUSPICIOUS_MOVE = YES;
				CLANG_WARN_UNGUARDED_AVAILABILITY = YES_AGGRESSIVE;
				CLANG_WARN_UNREACHABLE_CODE = YES;
				CLANG_WARN__DUPLICATE_METHOD_MATCH = YES;
				COPY_PHASE_STRIP = NO;
				DEBUG_INFORMATION_FORMAT = "dwarf-with-dsym";
				ENABLE_NS_ASSERTIONS = NO;
				ENABLE_STRICT_OBJC_MSGSEND = YES;
				GCC_C_LANGUAGE_STANDARD = gnu11;
				GCC_NO_COMMON_BLOCKS = YES;
				GCC_WARN_64_TO_32_BIT_CONVERSION = YES;
				GCC_WARN_ABOUT_RETURN_TYPE = YES_ERROR;
				GCC_WARN_UNDECLARED_SELECTOR = YES;
				GCC_WARN_UNINITIALIZED_AUTOS = YES_AGGRESSIVE;
				GCC_WARN_UNUSED_FUNCTION = YES;
				GCC_WARN_UNUSED_VARIABLE = YES;
				IPHONEOS_DEPLOYMENT_TARGET = 14.5;
				MTL_ENABLE_DEBUG_INFO = NO;
				MTL_FAST_MATH = YES;
				SDKROOT = iphoneos;
				SWIFT_COMPILATION_MODE = wholemodule;
				SWIFT_OPTIMIZATION_LEVEL = "-O";
				VALIDATE_PRODUCT = YES;
			};
			name = Release;
		};
		93009CEF26F5AA3D006F61B5 /* Debug */ = {
			isa = XCBuildConfiguration;
			buildSettings = {
				ASSETCATALOG_COMPILER_APPICON_NAME = AppIcon;
				ASSETCATALOG_COMPILER_GLOBAL_ACCENT_COLOR_NAME = AccentColor;
				CODE_SIGN_STYLE = Automatic;
				DEVELOPMENT_TEAM = X49L8C24X9;
				INFOPLIST_FILE = "2021-09-16-SFSU-Building-Anh-Tran/Info.plist";
				LD_RUNPATH_SEARCH_PATHS = (
					"$(inherited)",
					"@executable_path/Frameworks",
				);
				PRODUCT_BUNDLE_IDENTIFIER = "atransf.-021-09-16-SFSU-Building-Anh-Tran";
				PRODUCT_NAME = "$(TARGET_NAME)";
				SWIFT_VERSION = 5.0;
				TARGETED_DEVICE_FAMILY = "1,2";
			};
			name = Debug;
		};
		93009CF026F5AA3D006F61B5 /* Release */ = {
			isa = XCBuildConfiguration;
			buildSettings = {
				ASSETCATALOG_COMPILER_APPICON_NAME = AppIcon;
				ASSETCATALOG_COMPILER_GLOBAL_ACCENT_COLOR_NAME = AccentColor;
				CODE_SIGN_STYLE = Automatic;
				DEVELOPMENT_TEAM = X49L8C24X9;
				INFOPLIST_FILE = "2021-09-16-SFSU-Building-Anh-Tran/Info.plist";
				LD_RUNPATH_SEARCH_PATHS = (
					"$(inherited)",
					"@executable_path/Frameworks",
				);
				PRODUCT_BUNDLE_IDENTIFIER = "atransf.-021-09-16-SFSU-Building-Anh-Tran";
				PRODUCT_NAME = "$(TARGET_NAME)";
				SWIFT_VERSION = 5.0;
				TARGETED_DEVICE_FAMILY = "1,2";
			};
			name = Release;
		};
		93009CF226F5AA3D006F61B5 /* Debug */ = {
			isa = XCBuildConfiguration;
			buildSettings = {
				ALWAYS_EMBED_SWIFT_STANDARD_LIBRARIES = YES;
				BUNDLE_LOADER = "$(TEST_HOST)";
				CODE_SIGN_STYLE = Automatic;
				DEVELOPMENT_TEAM = X49L8C24X9;
				INFOPLIST_FILE = "2021-09-16-SFSU-Building-Anh-TranTests/Info.plist";
				IPHONEOS_DEPLOYMENT_TARGET = 14.5;
				LD_RUNPATH_SEARCH_PATHS = (
					"$(inherited)",
					"@executable_path/Frameworks",
					"@loader_path/Frameworks",
				);
				PRODUCT_BUNDLE_IDENTIFIER = "atransf.-021-09-16-SFSU-Building-Anh-TranTests";
				PRODUCT_NAME = "$(TARGET_NAME)";
				SWIFT_VERSION = 5.0;
				TARGETED_DEVICE_FAMILY = "1,2";
				TEST_HOST = "$(BUILT_PRODUCTS_DIR)/2021-09-16-SFSU-Building-Anh-Tran.app/2021-09-16-SFSU-Building-Anh-Tran";
			};
			name = Debug;
		};
		93009CF326F5AA3D006F61B5 /* Release */ = {
			isa = XCBuildConfiguration;
			buildSettings = {
				ALWAYS_EMBED_SWIFT_STANDARD_LIBRARIES = YES;
				BUNDLE_LOADER = "$(TEST_HOST)";
				CODE_SIGN_STYLE = Automatic;
				DEVELOPMENT_TEAM = X49L8C24X9;
				INFOPLIST_FILE = "2021-09-16-SFSU-Building-Anh-TranTests/Info.plist";
				IPHONEOS_DEPLOYMENT_TARGET = 14.5;
				LD_RUNPATH_SEARCH_PATHS = (
					"$(inherited)",
					"@executable_path/Frameworks",
					"@loader_path/Frameworks",
				);
				PRODUCT_BUNDLE_IDENTIFIER = "atransf.-021-09-16-SFSU-Building-Anh-TranTests";
				PRODUCT_NAME = "$(TARGET_NAME)";
				SWIFT_VERSION = 5.0;
				TARGETED_DEVICE_FAMILY = "1,2";
				TEST_HOST = "$(BUILT_PRODUCTS_DIR)/2021-09-16-SFSU-Building-Anh-Tran.app/2021-09-16-SFSU-Building-Anh-Tran";
			};
			name = Release;
		};
		93009CF526F5AA3D006F61B5 /* Debug */ = {
			isa = XCBuildConfiguration;
			buildSettings = {
				ALWAYS_EMBED_SWIFT_STANDARD_LIBRARIES = YES;
				CODE_SIGN_STYLE = Automatic;
				DEVELOPMENT_TEAM = X49L8C24X9;
				INFOPLIST_FILE = "2021-09-16-SFSU-Building-Anh-TranUITests/Info.plist";
				LD_RUNPATH_SEARCH_PATHS = (
					"$(inherited)",
					"@executable_path/Frameworks",
					"@loader_path/Frameworks",
				);
				PRODUCT_BUNDLE_IDENTIFIER = "atransf.-021-09-16-SFSU-Building-Anh-TranUITests";
				PRODUCT_NAME = "$(TARGET_NAME)";
				SWIFT_VERSION = 5.0;
				TARGETED_DEVICE_FAMILY = "1,2";
				TEST_TARGET_NAME = "2021-09-16-SFSU-Building-Anh-Tran";
			};
			name = Debug;
		};
		93009CF626F5AA3D006F61B5 /* Release */ = {
			isa = XCBuildConfiguration;
			buildSettings = {
				ALWAYS_EMBED_SWIFT_STANDARD_LIBRARIES = YES;
				CODE_SIGN_STYLE = Automatic;
				DEVELOPMENT_TEAM = X49L8C24X9;
				INFOPLIST_FILE = "2021-09-16-SFSU-Building-Anh-TranUITests/Info.plist";
				LD_RUNPATH_SEARCH_PATHS = (
					"$(inherited)",
					"@executable_path/Frameworks",
					"@loader_path/Frameworks",
				);
				PRODUCT_BUNDLE_IDENTIFIER = "atransf.-021-09-16-SFSU-Building-Anh-TranUITests";
				PRODUCT_NAME = "$(TARGET_NAME)";
				SWIFT_VERSION = 5.0;
				TARGETED_DEVICE_FAMILY = "1,2";
				TEST_TARGET_NAME = "2021-09-16-SFSU-Building-Anh-Tran";
			};
			name = Release;
		};
/* End XCBuildConfiguration section */

/* Begin XCConfigurationList section */
		93009CBF26F5AA3C006F61B5 /* Build configuration list for PBXProject "2021-09-16-SFSU-Building-Anh-Tran" */ = {
			isa = XCConfigurationList;
			buildConfigurations = (
				93009CEC26F5AA3D006F61B5 /* Debug */,
				93009CED26F5AA3D006F61B5 /* Release */,
			);
			defaultConfigurationIsVisible = 0;
			defaultConfigurationName = Release;
		};
		93009CEE26F5AA3D006F61B5 /* Build configuration list for PBXNativeTarget "2021-09-16-SFSU-Building-Anh-Tran" */ = {
			isa = XCConfigurationList;
			buildConfigurations = (
				93009CEF26F5AA3D006F61B5 /* Debug */,
				93009CF026F5AA3D006F61B5 /* Release */,
			);
			defaultConfigurationIsVisible = 0;
			defaultConfigurationName = Release;
		};
		93009CF126F5AA3D006F61B5 /* Build configuration list for PBXNativeTarget "2021-09-16-SFSU-Building-Anh-TranTests" */ = {
			isa = XCConfigurationList;
			buildConfigurations = (
				93009CF226F5AA3D006F61B5 /* Debug */,
				93009CF326F5AA3D006F61B5 /* Release */,
			);
			defaultConfigurationIsVisible = 0;
			defaultConfigurationName = Release;
		};
		93009CF426F5AA3D006F61B5 /* Build configuration list for PBXNativeTarget "2021-09-16-SFSU-Building-Anh-TranUITests" */ = {
			isa = XCConfigurationList;
			buildConfigurations = (
				93009CF526F5AA3D006F61B5 /* Debug */,
				93009CF626F5AA3D006F61B5 /* Release */,
			);
			defaultConfigurationIsVisible = 0;
			defaultConfigurationName = Release;
		};
/* End XCConfigurationList section */
	};
	rootObject = 93009CBC26F5AA3C006F61B5 /* Project object */;
}
